
Microsoft Visual Studio Solution File, Format Version 12.00
Project("{FAE04EC0-301F-11D3-BF4B-00C04F79EFBC}") = "checkov_test", "checkov_test\checkov_test.csproj", "{148BAF39-BC13-4043-9D07-13833B747ED5}"
EndProject
Global
	GlobalSection(SolutionConfigurationPlatforms) = preSolution
		Debug|Any CPU = Debug|Any CPU
		Release|Any CPU = Release|Any CPU
	EndGlobalSection
	GlobalSection(ProjectConfigurationPlatforms) = postSolution
		{148BAF39-BC13-4043-9D07-13833B747ED5}.Debug|Any CPU.ActiveCfg = Debug|Any CPU
		{148BAF39-BC13-4043-9D07-13833B747ED5}.Debug|Any CPU.Build.0 = Debug|Any CPU
		{148BAF39-BC13-4043-9D07-13833B747ED5}.Release|Any CPU.ActiveCfg = Release|Any CPU
		{148BAF39-BC13-4043-9D07-13833B747ED5}.Release|Any CPU.Build.0 = Release|Any CPU
	EndGlobalSection
EndGlobal
